
Microsoft Visual Studio Solution File, Format Version 12.00
# Visual Studio 15
VisualStudioVersion = 15.0.28010.2016
MinimumVisualStudioVersion = 10.0.40219.1
Project("{2150E333-8FDC-42A3-9474-1A3956D46DE8}") = "Data", "Data", "{3D4E92D3-8BB4-4432-A0D5-6895D74D468E}"
EndProject
Project("{FAE04EC0-301F-11D3-BF4B-00C04F79EFBC}") = "MeetUp.Model", "Data\MeetUp.Model\MeetUp.Model.csproj", "{3629AC4C-CAA7-4BA2-A839-2FD28F1FF2E4}"
EndProject
Project("{FAE04EC0-301F-11D3-BF4B-00C04F79EFBC}") = "MeetUp.Migration", "Data\MeetUp.Migration\MeetUp.Migration.csproj", "{6308B3F9-006C-4638-866D-49DDE08B3464}"
EndProject
Project("{FAE04EC0-301F-11D3-BF4B-00C04F79EFBC}") = "MeetUp.BLL", "Data\MeetUp.BLL\MeetUp.BLL.csproj", "{3020A898-AE1D-43C0-BC0F-D67FEDB54C6F}"
EndProject
Global
	GlobalSection(SolutionConfigurationPlatforms) = preSolution
		Debug|Any CPU = Debug|Any CPU
		Release|Any CPU = Release|Any CPU
	EndGlobalSection
	GlobalSection(ProjectConfigurationPlatforms) = postSolution
		{3629AC4C-CAA7-4BA2-A839-2FD28F1FF2E4}.Debug|Any CPU.ActiveCfg = Debug|Any CPU
		{3629AC4C-CAA7-4BA2-A839-2FD28F1FF2E4}.Debug|Any CPU.Build.0 = Debug|Any CPU
		{3629AC4C-CAA7-4BA2-A839-2FD28F1FF2E4}.Release|Any CPU.ActiveCfg = Release|Any CPU
		{3629AC4C-CAA7-4BA2-A839-2FD28F1FF2E4}.Release|Any CPU.Build.0 = Release|Any CPU
		{6308B3F9-006C-4638-866D-49DDE08B3464}.Debug|Any CPU.ActiveCfg = Debug|Any CPU
		{6308B3F9-006C-4638-866D-49DDE08B3464}.Debug|Any CPU.Build.0 = Debug|Any CPU
		{6308B3F9-006C-4638-866D-49DDE08B3464}.Release|Any CPU.ActiveCfg = Release|Any CPU
		{6308B3F9-006C-4638-866D-49DDE08B3464}.Release|Any CPU.Build.0 = Release|Any CPU
		{3020A898-AE1D-43C0-BC0F-D67FEDB54C6F}.Debug|Any CPU.ActiveCfg = Debug|Any CPU
		{3020A898-AE1D-43C0-BC0F-D67FEDB54C6F}.Debug|Any CPU.Build.0 = Debug|Any CPU
		{3020A898-AE1D-43C0-BC0F-D67FEDB54C6F}.Release|Any CPU.ActiveCfg = Release|Any CPU
		{3020A898-AE1D-43C0-BC0F-D67FEDB54C6F}.Release|Any CPU.Build.0 = Release|Any CPU
	EndGlobalSection
	GlobalSection(SolutionProperties) = preSolution
		HideSolutionNode = FALSE
	EndGlobalSection
	GlobalSection(NestedProjects) = preSolution
		{3629AC4C-CAA7-4BA2-A839-2FD28F1FF2E4} = {3D4E92D3-8BB4-4432-A0D5-6895D74D468E}
		{6308B3F9-006C-4638-866D-49DDE08B3464} = {3D4E92D3-8BB4-4432-A0D5-6895D74D468E}
		{3020A898-AE1D-43C0-BC0F-D67FEDB54C6F} = {3D4E92D3-8BB4-4432-A0D5-6895D74D468E}
	EndGlobalSection
	GlobalSection(ExtensibilityGlobals) = postSolution
		SolutionGuid = {331596ED-C3D0-416E-A6BC-D4C49A55C476}
	EndGlobalSection
EndGlobal
