
Microsoft Visual Studio Solution File, Format Version 12.00
# Visual Studio 15
VisualStudioVersion = 15.0.28010.2016
MinimumVisualStudioVersion = 10.0.40219.1
Project("{2150E333-8FDC-42A3-9474-1A3956D46DE8}") = "Data", "Data", "{3D4E92D3-8BB4-4432-A0D5-6895D74D468E}"
EndProject
Project("{FAE04EC0-301F-11D3-BF4B-00C04F79EFBC}") = "MeetUp.Model", "Data\MeetUp.Model\MeetUp.Model.csproj", "{3629AC4C-CAA7-4BA2-A839-2FD28F1FF2E4}"
EndProject
Project("{FAE04EC0-301F-11D3-BF4B-00C04F79EFBC}") = "MeetUp.Migration", "Data\MeetUp.Migration\MeetUp.Migration.csproj", "{6308B3F9-006C-4638-866D-49DDE08B3464}"
EndProject
Project("{FAE04EC0-301F-11D3-BF4B-00C04F79EFBC}") = "MeetUp.DAL", "Data\MeetUp.BLL\MeetUp.DAL.csproj", "{3020A898-AE1D-43C0-BC0F-D67FEDB54C6F}"
EndProject
Project("{FAE04EC0-301F-11D3-BF4B-00C04F79EFBC}") = "OrderService", "OrderService\OrderService.csproj", "{832B17B2-D95B-4C90-B281-707B9079104C}"
EndProject
Project("{FAE04EC0-301F-11D3-BF4B-00C04F79EFBC}") = "OrderService.Tests", "OrderService.Tests\OrderService.Tests.csproj", "{926E0EB7-E555-49EA-B2ED-170BCAD9A904}"
EndProject
Project("{2150E333-8FDC-42A3-9474-1A3956D46DE8}") = "Common", "Common", "{C66DB001-3C25-4B56-BED1-518276CA6C57}"
EndProject
Project("{FAE04EC0-301F-11D3-BF4B-00C04F79EFBC}") = "TestingHelpers", "Common\TestingHelpers\TestingHelpers.csproj", "{2AEA1343-2FF3-4313-B509-9BF1E172A004}"
EndProject
Project("{FAE04EC0-301F-11D3-BF4B-00C04F79EFBC}") = "MeetUp.Enumerations", "Data\MeetUp.Enumerations\MeetUp.Enumerations.csproj", "{D5600334-8BBE-4D27-A0D3-F63914A04CE4}"
EndProject
Project("{2150E333-8FDC-42A3-9474-1A3956D46DE8}") = "Services", "Services", "{BE1AED86-E897-409B-A302-79D62776B324}"
EndProject
Project("{FAE04EC0-301F-11D3-BF4B-00C04F79EFBC}") = "EmailingService", "Services\EmailingService\EmailingService.csproj", "{750BC88C-0B10-4E27-80CD-A46FB25E3265}"
EndProject
Project("{FAE04EC0-301F-11D3-BF4B-00C04F79EFBC}") = "FileStorageService", "Services\FileStorageService\FileStorageService.csproj", "{9F067CC8-9D8E-4764-94F6-6EEF978BFF75}"
EndProject
Project("{FAE04EC0-301F-11D3-BF4B-00C04F79EFBC}") = "MeetUp.Common", "MeetUp.Common\MeetUp.Common.csproj", "{32FFF58E-3660-409C-99C8-D40EE69ED61D}"
EndProject
Project("{FAE04EC0-301F-11D3-BF4B-00C04F79EFBC}") = "CustomerCaseService", "Services\LeadService\CustomerCaseService.csproj", "{E01278FC-70A6-4C0E-A613-94FBCA2465B4}"
EndProject
Project("{FAE04EC0-301F-11D3-BF4B-00C04F79EFBC}") = "StoreServiceTests", "StoreServiceTests\StoreServiceTests.csproj", "{17B82898-6214-4AE3-A819-DE61A6C65D9F}"
EndProject
Project("{FAE04EC0-301F-11D3-BF4B-00C04F79EFBC}") = "CommonComponents.Tests", "CommonComponents.Tests\CommonComponents.Tests.csproj", "{1C2E945F-B4E8-4CC7-AA38-59A490F1AC18}"
EndProject
Project("{2150E333-8FDC-42A3-9474-1A3956D46DE8}") = "Tests", "Tests", "{A8BFBD28-5B87-4CBF-93F8-87E3C2A0B414}"
EndProject
Global
	GlobalSection(SolutionConfigurationPlatforms) = preSolution
		Debug|Any CPU = Debug|Any CPU
		Release|Any CPU = Release|Any CPU
	EndGlobalSection
	GlobalSection(ProjectConfigurationPlatforms) = postSolution
		{3629AC4C-CAA7-4BA2-A839-2FD28F1FF2E4}.Debug|Any CPU.ActiveCfg = Debug|Any CPU
		{3629AC4C-CAA7-4BA2-A839-2FD28F1FF2E4}.Debug|Any CPU.Build.0 = Debug|Any CPU
		{3629AC4C-CAA7-4BA2-A839-2FD28F1FF2E4}.Release|Any CPU.ActiveCfg = Release|Any CPU
		{3629AC4C-CAA7-4BA2-A839-2FD28F1FF2E4}.Release|Any CPU.Build.0 = Release|Any CPU
		{6308B3F9-006C-4638-866D-49DDE08B3464}.Debug|Any CPU.ActiveCfg = Debug|Any CPU
		{6308B3F9-006C-4638-866D-49DDE08B3464}.Debug|Any CPU.Build.0 = Debug|Any CPU
		{6308B3F9-006C-4638-866D-49DDE08B3464}.Release|Any CPU.ActiveCfg = Release|Any CPU
		{6308B3F9-006C-4638-866D-49DDE08B3464}.Release|Any CPU.Build.0 = Release|Any CPU
		{3020A898-AE1D-43C0-BC0F-D67FEDB54C6F}.Debug|Any CPU.ActiveCfg = Debug|Any CPU
		{3020A898-AE1D-43C0-BC0F-D67FEDB54C6F}.Debug|Any CPU.Build.0 = Debug|Any CPU
		{3020A898-AE1D-43C0-BC0F-D67FEDB54C6F}.Release|Any CPU.ActiveCfg = Release|Any CPU
		{3020A898-AE1D-43C0-BC0F-D67FEDB54C6F}.Release|Any CPU.Build.0 = Release|Any CPU
		{832B17B2-D95B-4C90-B281-707B9079104C}.Debug|Any CPU.ActiveCfg = Debug|Any CPU
		{832B17B2-D95B-4C90-B281-707B9079104C}.Debug|Any CPU.Build.0 = Debug|Any CPU
		{832B17B2-D95B-4C90-B281-707B9079104C}.Release|Any CPU.ActiveCfg = Release|Any CPU
		{832B17B2-D95B-4C90-B281-707B9079104C}.Release|Any CPU.Build.0 = Release|Any CPU
		{926E0EB7-E555-49EA-B2ED-170BCAD9A904}.Debug|Any CPU.ActiveCfg = Debug|Any CPU
		{926E0EB7-E555-49EA-B2ED-170BCAD9A904}.Debug|Any CPU.Build.0 = Debug|Any CPU
		{926E0EB7-E555-49EA-B2ED-170BCAD9A904}.Release|Any CPU.ActiveCfg = Release|Any CPU
		{926E0EB7-E555-49EA-B2ED-170BCAD9A904}.Release|Any CPU.Build.0 = Release|Any CPU
		{2AEA1343-2FF3-4313-B509-9BF1E172A004}.Debug|Any CPU.ActiveCfg = Debug|Any CPU
		{2AEA1343-2FF3-4313-B509-9BF1E172A004}.Debug|Any CPU.Build.0 = Debug|Any CPU
		{2AEA1343-2FF3-4313-B509-9BF1E172A004}.Release|Any CPU.ActiveCfg = Release|Any CPU
		{2AEA1343-2FF3-4313-B509-9BF1E172A004}.Release|Any CPU.Build.0 = Release|Any CPU
		{D5600334-8BBE-4D27-A0D3-F63914A04CE4}.Debug|Any CPU.ActiveCfg = Debug|Any CPU
		{D5600334-8BBE-4D27-A0D3-F63914A04CE4}.Debug|Any CPU.Build.0 = Debug|Any CPU
		{D5600334-8BBE-4D27-A0D3-F63914A04CE4}.Release|Any CPU.ActiveCfg = Release|Any CPU
		{D5600334-8BBE-4D27-A0D3-F63914A04CE4}.Release|Any CPU.Build.0 = Release|Any CPU
		{750BC88C-0B10-4E27-80CD-A46FB25E3265}.Debug|Any CPU.ActiveCfg = Debug|Any CPU
		{750BC88C-0B10-4E27-80CD-A46FB25E3265}.Debug|Any CPU.Build.0 = Debug|Any CPU
		{750BC88C-0B10-4E27-80CD-A46FB25E3265}.Release|Any CPU.ActiveCfg = Release|Any CPU
		{750BC88C-0B10-4E27-80CD-A46FB25E3265}.Release|Any CPU.Build.0 = Release|Any CPU
		{9F067CC8-9D8E-4764-94F6-6EEF978BFF75}.Debug|Any CPU.ActiveCfg = Debug|Any CPU
		{9F067CC8-9D8E-4764-94F6-6EEF978BFF75}.Debug|Any CPU.Build.0 = Debug|Any CPU
		{9F067CC8-9D8E-4764-94F6-6EEF978BFF75}.Release|Any CPU.ActiveCfg = Release|Any CPU
		{9F067CC8-9D8E-4764-94F6-6EEF978BFF75}.Release|Any CPU.Build.0 = Release|Any CPU
		{32FFF58E-3660-409C-99C8-D40EE69ED61D}.Debug|Any CPU.ActiveCfg = Debug|Any CPU
		{32FFF58E-3660-409C-99C8-D40EE69ED61D}.Debug|Any CPU.Build.0 = Debug|Any CPU
		{32FFF58E-3660-409C-99C8-D40EE69ED61D}.Release|Any CPU.ActiveCfg = Release|Any CPU
		{32FFF58E-3660-409C-99C8-D40EE69ED61D}.Release|Any CPU.Build.0 = Release|Any CPU
		{E01278FC-70A6-4C0E-A613-94FBCA2465B4}.Debug|Any CPU.ActiveCfg = Debug|Any CPU
		{E01278FC-70A6-4C0E-A613-94FBCA2465B4}.Debug|Any CPU.Build.0 = Debug|Any CPU
		{E01278FC-70A6-4C0E-A613-94FBCA2465B4}.Release|Any CPU.ActiveCfg = Release|Any CPU
		{E01278FC-70A6-4C0E-A613-94FBCA2465B4}.Release|Any CPU.Build.0 = Release|Any CPU
		{17B82898-6214-4AE3-A819-DE61A6C65D9F}.Debug|Any CPU.ActiveCfg = Debug|Any CPU
		{17B82898-6214-4AE3-A819-DE61A6C65D9F}.Debug|Any CPU.Build.0 = Debug|Any CPU
		{17B82898-6214-4AE3-A819-DE61A6C65D9F}.Release|Any CPU.ActiveCfg = Release|Any CPU
		{17B82898-6214-4AE3-A819-DE61A6C65D9F}.Release|Any CPU.Build.0 = Release|Any CPU
		{1C2E945F-B4E8-4CC7-AA38-59A490F1AC18}.Debug|Any CPU.ActiveCfg = Debug|Any CPU
		{1C2E945F-B4E8-4CC7-AA38-59A490F1AC18}.Debug|Any CPU.Build.0 = Debug|Any CPU
		{1C2E945F-B4E8-4CC7-AA38-59A490F1AC18}.Release|Any CPU.ActiveCfg = Release|Any CPU
		{1C2E945F-B4E8-4CC7-AA38-59A490F1AC18}.Release|Any CPU.Build.0 = Release|Any CPU
	EndGlobalSection
	GlobalSection(SolutionProperties) = preSolution
		HideSolutionNode = FALSE
	EndGlobalSection
	GlobalSection(NestedProjects) = preSolution
		{3629AC4C-CAA7-4BA2-A839-2FD28F1FF2E4} = {3D4E92D3-8BB4-4432-A0D5-6895D74D468E}
		{6308B3F9-006C-4638-866D-49DDE08B3464} = {3D4E92D3-8BB4-4432-A0D5-6895D74D468E}
		{3020A898-AE1D-43C0-BC0F-D67FEDB54C6F} = {3D4E92D3-8BB4-4432-A0D5-6895D74D468E}
		{832B17B2-D95B-4C90-B281-707B9079104C} = {BE1AED86-E897-409B-A302-79D62776B324}
		{926E0EB7-E555-49EA-B2ED-170BCAD9A904} = {A8BFBD28-5B87-4CBF-93F8-87E3C2A0B414}
		{2AEA1343-2FF3-4313-B509-9BF1E172A004} = {A8BFBD28-5B87-4CBF-93F8-87E3C2A0B414}
		{750BC88C-0B10-4E27-80CD-A46FB25E3265} = {BE1AED86-E897-409B-A302-79D62776B324}
		{9F067CC8-9D8E-4764-94F6-6EEF978BFF75} = {BE1AED86-E897-409B-A302-79D62776B324}
		{E01278FC-70A6-4C0E-A613-94FBCA2465B4} = {BE1AED86-E897-409B-A302-79D62776B324}
		{17B82898-6214-4AE3-A819-DE61A6C65D9F} = {A8BFBD28-5B87-4CBF-93F8-87E3C2A0B414}
		{1C2E945F-B4E8-4CC7-AA38-59A490F1AC18} = {A8BFBD28-5B87-4CBF-93F8-87E3C2A0B414}
	EndGlobalSection
	GlobalSection(ExtensibilityGlobals) = postSolution
		SolutionGuid = {331596ED-C3D0-416E-A6BC-D4C49A55C476}
	EndGlobalSection
EndGlobal
